
Microsoft Visual Studio Solution File, Format Version 12.00
# Visual Studio Version 16
VisualStudioVersion = 16.0.30804.86
MinimumVisualStudioVersion = 10.0.40219.1
Project("{FAE04EC0-301F-11D3-BF4B-00C04F79EFBC}") = "DevFreela.API", "DevFreela.API\DevFreela.API.csproj", "{43DDE015-8B81-4BB6-A5F0-4FA585A92F5C}"
EndProject
Global
	GlobalSection(SolutionConfigurationPlatforms) = preSolution
		Debug|Any CPU = Debug|Any CPU
		Release|Any CPU = Release|Any CPU
	EndGlobalSection
	GlobalSection(ProjectConfigurationPlatforms) = postSolution
		{43DDE015-8B81-4BB6-A5F0-4FA585A92F5C}.Debug|Any CPU.ActiveCfg = Debug|Any CPU
		{43DDE015-8B81-4BB6-A5F0-4FA585A92F5C}.Debug|Any CPU.Build.0 = Debug|Any CPU
		{43DDE015-8B81-4BB6-A5F0-4FA585A92F5C}.Release|Any CPU.ActiveCfg = Release|Any CPU
		{43DDE015-8B81-4BB6-A5F0-4FA585A92F5C}.Release|Any CPU.Build.0 = Release|Any CPU
	EndGlobalSection
	GlobalSection(SolutionProperties) = preSolution
		HideSolutionNode = FALSE
	EndGlobalSection
	GlobalSection(ExtensibilityGlobals) = postSolution
		SolutionGuid = {5D7FF179-E1AD-486D-8D30-5E2738DD14E5}
	EndGlobalSection
EndGlobal
